
Microsoft Visual Studio Solution File, Format Version 11.00
# Visual Studio 2010
Project("{FAE04EC0-301F-11D3-BF4B-00C04F79EFBC}") = "BattleCore", "BattleCore\BattleCore.csproj", "{B89386AC-AD9E-4864-A7FB-F095A450A9FE}"
EndProject
Project("{FAE04EC0-301F-11D3-BF4B-00C04F79EFBC}") = "BattleCore.Events", "BattleCore.Events\BattleCore.Events.csproj", "{C04D046E-3D10-4A68-9B56-2B5E6D4DA378}"
EndProject
Project("{FAE04EC0-301F-11D3-BF4B-00C04F79EFBC}") = "BattleCoreSvc", "BattleCoreSvc\BattleCoreSvc.csproj", "{7A3D6E54-0104-4113-A25B-D7E51C402309}"
EndProject
Project("{FAE04EC0-301F-11D3-BF4B-00C04F79EFBC}") = "BattleCoreTest", "BattleCoreTest\BattleCoreTest.csproj", "{DCB11E5B-A22D-4F3A-BB3F-01FDD277A3FE}"
EndProject
Project("{FAE04EC0-301F-11D3-BF4B-00C04F79EFBC}") = "BattleCoreCfg", "BattleCoreCfg\BattleCoreCfg.csproj", "{2C6A3DC7-0646-4185-99BB-088AA1662E95}"
EndProject
Project("{FAE04EC0-301F-11D3-BF4B-00C04F79EFBC}") = "BattleCorePsyOps", "BattleCorePsyOps\BattleCorePsyOps.csproj", "{18F50DF6-56CB-4043-AD2F-F3BD6F062FEA}"
EndProject
Project("{FAE04EC0-301F-11D3-BF4B-00C04F79EFBC}") = "Devastation", "Devastation\Devastation.csproj", "{86EC84A2-02A2-4002-8768-7FA506C33833}"
EndProject
Project("{FAE04EC0-301F-11D3-BF4B-00C04F79EFBC}") = "IRCBridge", "IRCBridge\IRCBridge.csproj", "{0C70D6C0-B7A0-4145-90B4-1D5AEF33B101}"
EndProject
Project("{FAE04EC0-301F-11D3-BF4B-00C04F79EFBC}") = "SQLTester", "SQLTester\SQLTester.csproj", "{B8DB56AA-813F-4456-A304-27044FF9028F}"
EndProject
Project("{FAE04EC0-301F-11D3-BF4B-00C04F79EFBC}") = "BattleCoreSC", "BattleCoreSC\BattleCoreSC.csproj", "{C6F68CE8-CD98-4850-A86C-781904D79599}"
EndProject
Global
	GlobalSection(SolutionConfigurationPlatforms) = preSolution
		Debug|Any CPU = Debug|Any CPU
		Debug|Mixed Platforms = Debug|Mixed Platforms
		Debug|x86 = Debug|x86
		Release|Any CPU = Release|Any CPU
		Release|Mixed Platforms = Release|Mixed Platforms
		Release|x86 = Release|x86
	EndGlobalSection
	GlobalSection(ProjectConfigurationPlatforms) = postSolution
		{B89386AC-AD9E-4864-A7FB-F095A450A9FE}.Debug|Any CPU.ActiveCfg = Debug|Any CPU
		{B89386AC-AD9E-4864-A7FB-F095A450A9FE}.Debug|Any CPU.Build.0 = Debug|Any CPU
		{B89386AC-AD9E-4864-A7FB-F095A450A9FE}.Debug|Mixed Platforms.ActiveCfg = Debug|Any CPU
		{B89386AC-AD9E-4864-A7FB-F095A450A9FE}.Debug|Mixed Platforms.Build.0 = Debug|Any CPU
		{B89386AC-AD9E-4864-A7FB-F095A450A9FE}.Debug|x86.ActiveCfg = Debug|Any CPU
		{B89386AC-AD9E-4864-A7FB-F095A450A9FE}.Release|Any CPU.ActiveCfg = Release|Any CPU
		{B89386AC-AD9E-4864-A7FB-F095A450A9FE}.Release|Any CPU.Build.0 = Release|Any CPU
		{B89386AC-AD9E-4864-A7FB-F095A450A9FE}.Release|Mixed Platforms.ActiveCfg = Release|Any CPU
		{B89386AC-AD9E-4864-A7FB-F095A450A9FE}.Release|Mixed Platforms.Build.0 = Release|Any CPU
		{B89386AC-AD9E-4864-A7FB-F095A450A9FE}.Release|x86.ActiveCfg = Release|Any CPU
		{C04D046E-3D10-4A68-9B56-2B5E6D4DA378}.Debug|Any CPU.ActiveCfg = Debug|Any CPU
		{C04D046E-3D10-4A68-9B56-2B5E6D4DA378}.Debug|Any CPU.Build.0 = Debug|Any CPU
		{C04D046E-3D10-4A68-9B56-2B5E6D4DA378}.Debug|Mixed Platforms.ActiveCfg = Debug|Any CPU
		{C04D046E-3D10-4A68-9B56-2B5E6D4DA378}.Debug|Mixed Platforms.Build.0 = Debug|Any CPU
		{C04D046E-3D10-4A68-9B56-2B5E6D4DA378}.Debug|x86.ActiveCfg = Debug|Any CPU
		{C04D046E-3D10-4A68-9B56-2B5E6D4DA378}.Release|Any CPU.ActiveCfg = Release|Any CPU
		{C04D046E-3D10-4A68-9B56-2B5E6D4DA378}.Release|Any CPU.Build.0 = Release|Any CPU
		{C04D046E-3D10-4A68-9B56-2B5E6D4DA378}.Release|Mixed Platforms.ActiveCfg = Release|Any CPU
		{C04D046E-3D10-4A68-9B56-2B5E6D4DA378}.Release|Mixed Platforms.Build.0 = Release|Any CPU
		{C04D046E-3D10-4A68-9B56-2B5E6D4DA378}.Release|x86.ActiveCfg = Release|Any CPU
		{7A3D6E54-0104-4113-A25B-D7E51C402309}.Debug|Any CPU.ActiveCfg = Debug|Any CPU
		{7A3D6E54-0104-4113-A25B-D7E51C402309}.Debug|Any CPU.Build.0 = Debug|Any CPU
		{7A3D6E54-0104-4113-A25B-D7E51C402309}.Debug|Mixed Platforms.ActiveCfg = Debug|Any CPU
		{7A3D6E54-0104-4113-A25B-D7E51C402309}.Debug|Mixed Platforms.Build.0 = Debug|Any CPU
		{7A3D6E54-0104-4113-A25B-D7E51C402309}.Debug|x86.ActiveCfg = Debug|Any CPU
		{7A3D6E54-0104-4113-A25B-D7E51C402309}.Release|Any CPU.ActiveCfg = Release|Any CPU
		{7A3D6E54-0104-4113-A25B-D7E51C402309}.Release|Any CPU.Build.0 = Release|Any CPU
		{7A3D6E54-0104-4113-A25B-D7E51C402309}.Release|Mixed Platforms.ActiveCfg = Release|Any CPU
		{7A3D6E54-0104-4113-A25B-D7E51C402309}.Release|Mixed Platforms.Build.0 = Release|Any CPU
		{7A3D6E54-0104-4113-A25B-D7E51C402309}.Release|x86.ActiveCfg = Release|Any CPU
		{DCB11E5B-A22D-4F3A-BB3F-01FDD277A3FE}.Debug|Any CPU.ActiveCfg = Debug|Any CPU
		{DCB11E5B-A22D-4F3A-BB3F-01FDD277A3FE}.Debug|Any CPU.Build.0 = Debug|Any CPU
		{DCB11E5B-A22D-4F3A-BB3F-01FDD277A3FE}.Debug|Mixed Platforms.ActiveCfg = Debug|Any CPU
		{DCB11E5B-A22D-4F3A-BB3F-01FDD277A3FE}.Debug|Mixed Platforms.Build.0 = Debug|Any CPU
		{DCB11E5B-A22D-4F3A-BB3F-01FDD277A3FE}.Debug|x86.ActiveCfg = Debug|Any CPU
		{DCB11E5B-A22D-4F3A-BB3F-01FDD277A3FE}.Release|Any CPU.ActiveCfg = Release|Any CPU
		{DCB11E5B-A22D-4F3A-BB3F-01FDD277A3FE}.Release|Any CPU.Build.0 = Release|Any CPU
		{DCB11E5B-A22D-4F3A-BB3F-01FDD277A3FE}.Release|Mixed Platforms.ActiveCfg = Release|Any CPU
		{DCB11E5B-A22D-4F3A-BB3F-01FDD277A3FE}.Release|Mixed Platforms.Build.0 = Release|Any CPU
		{DCB11E5B-A22D-4F3A-BB3F-01FDD277A3FE}.Release|x86.ActiveCfg = Release|Any CPU
		{2C6A3DC7-0646-4185-99BB-088AA1662E95}.Debug|Any CPU.ActiveCfg = Debug|Any CPU
		{2C6A3DC7-0646-4185-99BB-088AA1662E95}.Debug|Any CPU.Build.0 = Debug|Any CPU
		{2C6A3DC7-0646-4185-99BB-088AA1662E95}.Debug|Mixed Platforms.ActiveCfg = Debug|Any CPU
		{2C6A3DC7-0646-4185-99BB-088AA1662E95}.Debug|Mixed Platforms.Build.0 = Debug|Any CPU
		{2C6A3DC7-0646-4185-99BB-088AA1662E95}.Debug|x86.ActiveCfg = Debug|Any CPU
		{2C6A3DC7-0646-4185-99BB-088AA1662E95}.Release|Any CPU.ActiveCfg = Release|Any CPU
		{2C6A3DC7-0646-4185-99BB-088AA1662E95}.Release|Any CPU.Build.0 = Release|Any CPU
		{2C6A3DC7-0646-4185-99BB-088AA1662E95}.Release|Mixed Platforms.ActiveCfg = Release|Any CPU
		{2C6A3DC7-0646-4185-99BB-088AA1662E95}.Release|Mixed Platforms.Build.0 = Release|Any CPU
		{2C6A3DC7-0646-4185-99BB-088AA1662E95}.Release|x86.ActiveCfg = Release|Any CPU
		{18F50DF6-56CB-4043-AD2F-F3BD6F062FEA}.Debug|Any CPU.ActiveCfg = Debug|Any CPU
		{18F50DF6-56CB-4043-AD2F-F3BD6F062FEA}.Debug|Any CPU.Build.0 = Debug|Any CPU
		{18F50DF6-56CB-4043-AD2F-F3BD6F062FEA}.Debug|Mixed Platforms.ActiveCfg = Debug|Any CPU
		{18F50DF6-56CB-4043-AD2F-F3BD6F062FEA}.Debug|Mixed Platforms.Build.0 = Debug|Any CPU
		{18F50DF6-56CB-4043-AD2F-F3BD6F062FEA}.Debug|x86.ActiveCfg = Debug|Any CPU
		{18F50DF6-56CB-4043-AD2F-F3BD6F062FEA}.Release|Any CPU.ActiveCfg = Release|Any CPU
		{18F50DF6-56CB-4043-AD2F-F3BD6F062FEA}.Release|Any CPU.Build.0 = Release|Any CPU
		{18F50DF6-56CB-4043-AD2F-F3BD6F062FEA}.Release|Mixed Platforms.ActiveCfg = Release|Any CPU
		{18F50DF6-56CB-4043-AD2F-F3BD6F062FEA}.Release|Mixed Platforms.Build.0 = Release|Any CPU
		{18F50DF6-56CB-4043-AD2F-F3BD6F062FEA}.Release|x86.ActiveCfg = Release|Any CPU
		{86EC84A2-02A2-4002-8768-7FA506C33833}.Debug|Any CPU.ActiveCfg = Debug|Any CPU
		{86EC84A2-02A2-4002-8768-7FA506C33833}.Debug|Any CPU.Build.0 = Debug|Any CPU
		{86EC84A2-02A2-4002-8768-7FA506C33833}.Debug|Mixed Platforms.ActiveCfg = Debug|Any CPU
		{86EC84A2-02A2-4002-8768-7FA506C33833}.Debug|Mixed Platforms.Build.0 = Debug|Any CPU
		{86EC84A2-02A2-4002-8768-7FA506C33833}.Debug|x86.ActiveCfg = Debug|Any CPU
		{86EC84A2-02A2-4002-8768-7FA506C33833}.Release|Any CPU.ActiveCfg = Release|Any CPU
		{86EC84A2-02A2-4002-8768-7FA506C33833}.Release|Any CPU.Build.0 = Release|Any CPU
		{86EC84A2-02A2-4002-8768-7FA506C33833}.Release|Mixed Platforms.ActiveCfg = Release|Any CPU
		{86EC84A2-02A2-4002-8768-7FA506C33833}.Release|Mixed Platforms.Build.0 = Release|Any CPU
		{86EC84A2-02A2-4002-8768-7FA506C33833}.Release|x86.ActiveCfg = Release|Any CPU
		{0C70D6C0-B7A0-4145-90B4-1D5AEF33B101}.Debug|Any CPU.ActiveCfg = Debug|Any CPU
		{0C70D6C0-B7A0-4145-90B4-1D5AEF33B101}.Debug|Any CPU.Build.0 = Debug|Any CPU
		{0C70D6C0-B7A0-4145-90B4-1D5AEF33B101}.Debug|Mixed Platforms.ActiveCfg = Debug|Any CPU
		{0C70D6C0-B7A0-4145-90B4-1D5AEF33B101}.Debug|Mixed Platforms.Build.0 = Debug|Any CPU
		{0C70D6C0-B7A0-4145-90B4-1D5AEF33B101}.Debug|x86.ActiveCfg = Debug|Any CPU
		{0C70D6C0-B7A0-4145-90B4-1D5AEF33B101}.Release|Any CPU.ActiveCfg = Release|Any CPU
		{0C70D6C0-B7A0-4145-90B4-1D5AEF33B101}.Release|Any CPU.Build.0 = Release|Any CPU
		{0C70D6C0-B7A0-4145-90B4-1D5AEF33B101}.Release|Mixed Platforms.ActiveCfg = Release|Any CPU
		{0C70D6C0-B7A0-4145-90B4-1D5AEF33B101}.Release|Mixed Platforms.Build.0 = Release|Any CPU
		{0C70D6C0-B7A0-4145-90B4-1D5AEF33B101}.Release|x86.ActiveCfg = Release|Any CPU
		{B8DB56AA-813F-4456-A304-27044FF9028F}.Debug|Any CPU.ActiveCfg = Debug|Any CPU
		{B8DB56AA-813F-4456-A304-27044FF9028F}.Debug|Any CPU.Build.0 = Debug|Any CPU
		{B8DB56AA-813F-4456-A304-27044FF9028F}.Debug|Mixed Platforms.ActiveCfg = Debug|Any CPU
		{B8DB56AA-813F-4456-A304-27044FF9028F}.Debug|Mixed Platforms.Build.0 = Debug|Any CPU
		{B8DB56AA-813F-4456-A304-27044FF9028F}.Debug|x86.ActiveCfg = Debug|Any CPU
		{B8DB56AA-813F-4456-A304-27044FF9028F}.Release|Any CPU.ActiveCfg = Release|Any CPU
		{B8DB56AA-813F-4456-A304-27044FF9028F}.Release|Any CPU.Build.0 = Release|Any CPU
		{B8DB56AA-813F-4456-A304-27044FF9028F}.Release|Mixed Platforms.ActiveCfg = Release|Any CPU
		{B8DB56AA-813F-4456-A304-27044FF9028F}.Release|Mixed Platforms.Build.0 = Release|Any CPU
		{B8DB56AA-813F-4456-A304-27044FF9028F}.Release|x86.ActiveCfg = Release|Any CPU
		{C6F68CE8-CD98-4850-A86C-781904D79599}.Debug|Any CPU.ActiveCfg = Debug|x86
		{C6F68CE8-CD98-4850-A86C-781904D79599}.Debug|Mixed Platforms.ActiveCfg = Debug|x86
		{C6F68CE8-CD98-4850-A86C-781904D79599}.Debug|Mixed Platforms.Build.0 = Debug|x86
		{C6F68CE8-CD98-4850-A86C-781904D79599}.Debug|x86.ActiveCfg = Debug|x86
		{C6F68CE8-CD98-4850-A86C-781904D79599}.Debug|x86.Build.0 = Debug|x86
		{C6F68CE8-CD98-4850-A86C-781904D79599}.Release|Any CPU.ActiveCfg = Release|x86
		{C6F68CE8-CD98-4850-A86C-781904D79599}.Release|Mixed Platforms.ActiveCfg = Release|x86
		{C6F68CE8-CD98-4850-A86C-781904D79599}.Release|Mixed Platforms.Build.0 = Release|x86
		{C6F68CE8-CD98-4850-A86C-781904D79599}.Release|x86.ActiveCfg = Release|x86
		{C6F68CE8-CD98-4850-A86C-781904D79599}.Release|x86.Build.0 = Release|x86
	EndGlobalSection
	GlobalSection(SolutionProperties) = preSolution
		HideSolutionNode = FALSE
	EndGlobalSection
EndGlobal
